// !$*UTF8*$!
{
	archiveVersion = 1;
	classes = {
	};
	objectVersion = 50;
	objects = {

/* Begin PBXBuildFile section */
		C3B427CF2667B0B100C961FA /* ComputedPropertiesTestApp.swift in Sources */ = {isa = PBXBuildFile; fileRef = C3B427CE2667B0B100C961FA /* ComputedPropertiesTestApp.swift */; };
		C3B427D12667B0B100C961FA /* ContentView.swift in Sources */ = {isa = PBXBuildFile; fileRef = C3B427D02667B0B100C961FA /* ContentView.swift */; };
		C3B427D32667B0B800C961FA /* Assets.xcassets in Resources */ = {isa = PBXBuildFile; fileRef = C3B427D22667B0B800C961FA /* Assets.xcassets */; };
		C3B427D62667B0B800C961FA /* Preview Assets.xcassets in Resources */ = {isa = PBXBuildFile; fileRef = C3B427D52667B0B800C961FA /* Preview Assets.xcassets */; };
		C3B427E12667B3E700C961FA /* .periphery.yml in Resources */ = {isa = PBXBuildFile; fileRef = C3B427E02667B3E700C961FA /* .periphery.yml */; };
		F66C2C42F6B169B8AC07EF00 /* Pods_ComputedPropertiesTest.framework in Frameworks */ = {isa = PBXBuildFile; fileRef = 3829A78B206C6D84F92DEFF1 /* Pods_ComputedPropertiesTest.framework */; };
/* End PBXBuildFile section */

/* Begin PBXFileReference section */
		3829A78B206C6D84F92DEFF1 /* Pods_ComputedPropertiesTest.framework */ = {isa = PBXFileReference; explicitFileType = wrapper.framework; includeInIndex = 0; path = Pods_ComputedPropertiesTest.framework; sourceTree = BUILT_PRODUCTS_DIR; };
		6CEE96AEDEDC890B6CC82004 /* Pods-ComputedPropertiesTest.release.xcconfig */ = {isa = PBXFileReference; includeInIndex = 1; lastKnownFileType = text.xcconfig; name = "Pods-ComputedPropertiesTest.release.xcconfig"; path = "Target Support Files/Pods-ComputedPropertiesTest/Pods-ComputedPropertiesTest.release.xcconfig"; sourceTree = "<group>"; };
		982D17D6CA5A1E08D1238A07 /* Pods-ComputedPropertiesTest.debug.xcconfig */ = {isa = PBXFileReference; includeInIndex = 1; lastKnownFileType = text.xcconfig; name = "Pods-ComputedPropertiesTest.debug.xcconfig"; path = "Target Support Files/Pods-ComputedPropertiesTest/Pods-ComputedPropertiesTest.debug.xcconfig"; sourceTree = "<group>"; };
		C3B427CB2667B0B100C961FA /* ComputedPropertiesTest.app */ = {isa = PBXFileReference; explicitFileType = wrapper.application; includeInIndex = 0; path = ComputedPropertiesTest.app; sourceTree = BUILT_PRODUCTS_DIR; };
		C3B427CE2667B0B100C961FA /* ComputedPropertiesTestApp.swift */ = {isa = PBXFileReference; lastKnownFileType = sourcecode.swift; path = ComputedPropertiesTestApp.swift; sourceTree = "<group>"; };
		C3B427D02667B0B100C961FA /* ContentView.swift */ = {isa = PBXFileReference; lastKnownFileType = sourcecode.swift; path = ContentView.swift; sourceTree = "<group>"; };
		C3B427D22667B0B800C961FA /* Assets.xcassets */ = {isa = PBXFileReference; lastKnownFileType = folder.assetcatalog; path = Assets.xcassets; sourceTree = "<group>"; };
		C3B427D52667B0B800C961FA /* Preview Assets.xcassets */ = {isa = PBXFileReference; lastKnownFileType = folder.assetcatalog; path = "Preview Assets.xcassets"; sourceTree = "<group>"; };
		C3B427D72667B0B800C961FA /* Info.plist */ = {isa = PBXFileReference; lastKnownFileType = text.plist.xml; path = Info.plist; sourceTree = "<group>"; };
		C3B427D82667B0B800C961FA /* ComputedPropertiesTest.entitlements */ = {isa = PBXFileReference; lastKnownFileType = text.plist.entitlements; path = ComputedPropertiesTest.entitlements; sourceTree = "<group>"; };
		C3B427E02667B3E700C961FA /* .periphery.yml */ = {isa = PBXFileReference; fileEncoding = 4; lastKnownFileType = text.yaml; path = .periphery.yml; sourceTree = "<group>"; };
/* End PBXFileReference section */

/* Begin PBXFrameworksBuildPhase section */
		C3B427C82667B0B100C961FA /* Frameworks */ = {
			isa = PBXFrameworksBuildPhase;
			buildActionMask = 2147483647;
			files = (
				F66C2C42F6B169B8AC07EF00 /* Pods_ComputedPropertiesTest.framework in Frameworks */,
			);
			runOnlyForDeploymentPostprocessing = 0;
		};
/* End PBXFrameworksBuildPhase section */

/* Begin PBXGroup section */
		322324859F092D5B2E39015C /* Frameworks */ = {
			isa = PBXGroup;
			children = (
				3829A78B206C6D84F92DEFF1 /* Pods_ComputedPropertiesTest.framework */,
			);
			name = Frameworks;
			sourceTree = "<group>";
		};
		C3B427C22667B0B100C961FA = {
			isa = PBXGroup;
			children = (
				C3B427E02667B3E700C961FA /* .periphery.yml */,
				C3B427CD2667B0B100C961FA /* ComputedPropertiesTest */,
				C3B427CC2667B0B100C961FA /* Products */,
				E557F7AB23DA5C1F9439507A /* Pods */,
				322324859F092D5B2E39015C /* Frameworks */,
			);
			sourceTree = "<group>";
		};
		C3B427CC2667B0B100C961FA /* Products */ = {
			isa = PBXGroup;
			children = (
				C3B427CB2667B0B100C961FA /* ComputedPropertiesTest.app */,
			);
			name = Products;
			sourceTree = "<group>";
		};
		C3B427CD2667B0B100C961FA /* ComputedPropertiesTest */ = {
			isa = PBXGroup;
			children = (
				C3B427CE2667B0B100C961FA /* ComputedPropertiesTestApp.swift */,
				C3B427D02667B0B100C961FA /* ContentView.swift */,
				C3B427D22667B0B800C961FA /* Assets.xcassets */,
				C3B427D72667B0B800C961FA /* Info.plist */,
				C3B427D82667B0B800C961FA /* ComputedPropertiesTest.entitlements */,
				C3B427D42667B0B800C961FA /* Preview Content */,
			);
			path = ComputedPropertiesTest;
			sourceTree = "<group>";
		};
		C3B427D42667B0B800C961FA /* Preview Content */ = {
			isa = PBXGroup;
			children = (
				C3B427D52667B0B800C961FA /* Preview Assets.xcassets */,
			);
			path = "Preview Content";
			sourceTree = "<group>";
		};
		E557F7AB23DA5C1F9439507A /* Pods */ = {
			isa = PBXGroup;
			children = (
				982D17D6CA5A1E08D1238A07 /* Pods-ComputedPropertiesTest.debug.xcconfig */,
				6CEE96AEDEDC890B6CC82004 /* Pods-ComputedPropertiesTest.release.xcconfig */,
			);
			path = Pods;
			sourceTree = "<group>";
		};
/* End PBXGroup section */

/* Begin PBXNativeTarget section */
		C3B427CA2667B0B100C961FA /* ComputedPropertiesTest */ = {
			isa = PBXNativeTarget;
			buildConfigurationList = C3B427DB2667B0B800C961FA /* Build configuration list for PBXNativeTarget "ComputedPropertiesTest" */;
			buildPhases = (
				47F1FDE45F0188428E06B437 /* [CP] Check Pods Manifest.lock */,
				C3B427C72667B0B100C961FA /* Sources */,
				C3B427C82667B0B100C961FA /* Frameworks */,
				C3B427C92667B0B100C961FA /* Resources */,
			);
			buildRules = (
			);
			dependencies = (
			);
			name = ComputedPropertiesTest;
			productName = ComputedPropertiesTest;
			productReference = C3B427CB2667B0B100C961FA /* ComputedPropertiesTest.app */;
			productType = "com.apple.product-type.application";
		};
/* End PBXNativeTarget section */

/* Begin PBXProject section */
		C3B427C32667B0B100C961FA /* Project object */ = {
			isa = PBXProject;
			attributes = {
				LastSwiftUpdateCheck = 1250;
				LastUpgradeCheck = 1250;
				TargetAttributes = {
					C3B427CA2667B0B100C961FA = {
						CreatedOnToolsVersion = 12.5;
					};
				};
			};
			buildConfigurationList = C3B427C62667B0B100C961FA /* Build configuration list for PBXProject "ComputedPropertiesTest" */;
			compatibilityVersion = "Xcode 9.3";
			developmentRegion = en;
			hasScannedForEncodings = 0;
			knownRegions = (
				en,
				Base,
			);
			mainGroup = C3B427C22667B0B100C961FA;
			productRefGroup = C3B427CC2667B0B100C961FA /* Products */;
			projectDirPath = "";
			projectRoot = "";
			targets = (
				C3B427CA2667B0B100C961FA /* ComputedPropertiesTest */,
			);
		};
/* End PBXProject section */

/* Begin PBXResourcesBuildPhase section */
		C3B427C92667B0B100C961FA /* Resources */ = {
			isa = PBXResourcesBuildPhase;
			buildActionMask = 2147483647;
			files = (
				C3B427D62667B0B800C961FA /* Preview Assets.xcassets in Resources */,
				C3B427E12667B3E700C961FA /* .periphery.yml in Resources */,
				C3B427D32667B0B800C961FA /* Assets.xcassets in Resources */,
			);
			runOnlyForDeploymentPostprocessing = 0;
		};
/* End PBXResourcesBuildPhase section */

/* Begin PBXShellScriptBuildPhase section */
		47F1FDE45F0188428E06B437 /* [CP] Check Pods Manifest.lock */ = {
			isa = PBXShellScriptBuildPhase;
			buildActionMask = 2147483647;
			files = (
			);
			inputFileListPaths = (
			);
			inputPaths = (
				"${PODS_PODFILE_DIR_PATH}/Podfile.lock",
				"${PODS_ROOT}/Manifest.lock",
			);
			name = "[CP] Check Pods Manifest.lock";
			outputFileListPaths = (
			);
			outputPaths = (
				"$(DERIVED_FILE_DIR)/Pods-ComputedPropertiesTest-checkManifestLockResult.txt",
			);
			runOnlyForDeploymentPostprocessing = 0;
			shellPath = /bin/sh;
			shellScript = "diff \"${PODS_PODFILE_DIR_PATH}/Podfile.lock\" \"${PODS_ROOT}/Manifest.lock\" > /dev/null\nif [ $? != 0 ] ; then\n    # print error to STDERR\n    echo \"error: The sandbox is not in sync with the Podfile.lock. Run 'pod install' or update your CocoaPods installation.\" >&2\n    exit 1\nfi\n# This output is used by Xcode 'outputs' to avoid re-running this script phase.\necho \"SUCCESS\" > \"${SCRIPT_OUTPUT_FILE_0}\"\n";
			showEnvVarsInLog = 0;
		};
/* End PBXShellScriptBuildPhase section */

/* Begin PBXSourcesBuildPhase section */
		C3B427C72667B0B100C961FA /* Sources */ = {
			isa = PBXSourcesBuildPhase;
			buildActionMask = 2147483647;
			files = (
				C3B427D12667B0B100C961FA /* ContentView.swift in Sources */,
				C3B427CF2667B0B100C961FA /* ComputedPropertiesTestApp.swift in Sources */,
			);
			runOnlyForDeploymentPostprocessing = 0;
		};
/* End PBXSourcesBuildPhase section */

/* Begin XCBuildConfiguration section */
		C3B427D92667B0B800C961FA /* Debug */ = {
			isa = XCBuildConfiguration;
			buildSettings = {
				ALWAYS_SEARCH_USER_PATHS = NO;
				CLANG_ANALYZER_NONNULL = YES;
				CLANG_ANALYZER_NUMBER_OBJECT_CONVERSION = YES_AGGRESSIVE;
				CLANG_CXX_LANGUAGE_STANDARD = "gnu++14";
				CLANG_CXX_LIBRARY = "libc++";
				CLANG_ENABLE_MODULES = YES;
				CLANG_ENABLE_OBJC_ARC = YES;
				CLANG_ENABLE_OBJC_WEAK = YES;
				CLANG_WARN_BLOCK_CAPTURE_AUTORELEASING = YES;
				CLANG_WARN_BOOL_CONVERSION = YES;
				CLANG_WARN_COMMA = YES;
				CLANG_WARN_CONSTANT_CONVERSION = YES;
				CLANG_WARN_DEPRECATED_OBJC_IMPLEMENTATIONS = YES;
				CLANG_WARN_DIRECT_OBJC_ISA_USAGE = YES_ERROR;
				CLANG_WARN_DOCUMENTATION_COMMENTS = YES;
				CLANG_WARN_EMPTY_BODY = YES;
				CLANG_WARN_ENUM_CONVERSION = YES;
				CLANG_WARN_INFINITE_RECURSION = YES;
				CLANG_WARN_INT_CONVERSION = YES;
				CLANG_WARN_NON_LITERAL_NULL_CONVERSION = YES;
				CLANG_WARN_OBJC_IMPLICIT_RETAIN_SELF = YES;
				CLANG_WARN_OBJC_LITERAL_CONVERSION = YES;
				CLANG_WARN_OBJC_ROOT_CLASS = YES_ERROR;
				CLANG_WARN_QUOTED_INCLUDE_IN_FRAMEWORK_HEADER = YES;
				CLANG_WARN_RANGE_LOOP_ANALYSIS = YES;
				CLANG_WARN_STRICT_PROTOTYPES = YES;
				CLANG_WARN_SUSPICIOUS_MOVE = YES;
				CLANG_WARN_UNGUARDED_AVAILABILITY = YES_AGGRESSIVE;
				CLANG_WARN_UNREACHABLE_CODE = YES;
				CLANG_WARN__DUPLICATE_METHOD_MATCH = YES;
				COPY_PHASE_STRIP = NO;
				DEBUG_INFORMATION_FORMAT = dwarf;
				ENABLE_STRICT_OBJC_MSGSEND = YES;
				ENABLE_TESTABILITY = YES;
				GCC_C_LANGUAGE_STANDARD = gnu11;
				GCC_DYNAMIC_NO_PIC = NO;
				GCC_NO_COMMON_BLOCKS = YES;
				GCC_OPTIMIZATION_LEVEL = 0;
				GCC_PREPROCESSOR_DEFINITIONS = (
					"DEBUG=1",
					"$(inherited)",
				);
				GCC_WARN_64_TO_32_BIT_CONVERSION = YES;
				GCC_WARN_ABOUT_RETURN_TYPE = YES_ERROR;
				GCC_WARN_UNDECLARED_SELECTOR = YES;
				GCC_WARN_UNINITIALIZED_AUTOS = YES_AGGRESSIVE;
				GCC_WARN_UNUSED_FUNCTION = YES;
				GCC_WARN_UNUSED_VARIABLE = YES;
				MACOSX_DEPLOYMENT_TARGET = 11.3;
				MTL_ENABLE_DEBUG_INFO = INCLUDE_SOURCE;
				MTL_FAST_MATH = YES;
				ONLY_ACTIVE_ARCH = YES;
				SDKROOT = macosx;
				SWIFT_ACTIVE_COMPILATION_CONDITIONS = DEBUG;
				SWIFT_OPTIMIZATION_LEVEL = "-Onone";
			};
			name = Debug;
		};
		C3B427DA2667B0B800C961FA /* Release */ = {
			isa = XCBuildConfiguration;
			buildSettings = {
				ALWAYS_SEARCH_USER_PATHS = NO;
				CLANG_ANALYZER_NONNULL = YES;
				CLANG_ANALYZER_NUMBER_OBJECT_CONVERSION = YES_AGGRESSIVE;
				CLANG_CXX_LANGUAGE_STANDARD = "gnu++14";
				CLANG_CXX_LIBRARY = "libc++";
				CLANG_ENABLE_MODULES = YES;
				CLANG_ENABLE_OBJC_ARC = YES;
				CLANG_ENABLE_OBJC_WEAK = YES;
				CLANG_WARN_BLOCK_CAPTURE_AUTORELEASING = YES;
				CLANG_WARN_BOOL_CONVERSION = YES;
				CLANG_WARN_COMMA = YES;
				CLANG_WARN_CONSTANT_CONVERSION = YES;
				CLANG_WARN_DEPRECATED_OBJC_IMPLEMENTATIONS = YES;
				CLANG_WARN_DIRECT_OBJC_ISA_USAGE = YES_ERROR;
				CLANG_WARN_DOCUMENTATION_COMMENTS = YES;
				CLANG_WARN_EMPTY_BODY = YES;
				CLANG_WARN_ENUM_CONVERSION = YES;
				CLANG_WARN_INFINITE_RECURSION = YES;
				CLANG_WARN_INT_CONVERSION = YES;
				CLANG_WARN_NON_LITERAL_NULL_CONVERSION = YES;
				CLANG_WARN_OBJC_IMPLICIT_RETAIN_SELF = YES;
				CLANG_WARN_OBJC_LITERAL_CONVERSION = YES;
				CLANG_WARN_OBJC_ROOT_CLASS = YES_ERROR;
				CLANG_WARN_QUOTED_INCLUDE_IN_FRAMEWORK_HEADER = YES;
				CLANG_WARN_RANGE_LOOP_ANALYSIS = YES;
				CLANG_WARN_STRICT_PROTOTYPES = YES;
				CLANG_WARN_SUSPICIOUS_MOVE = YES;
				CLANG_WARN_UNGUARDED_AVAILABILITY = YES_AGGRESSIVE;
				CLANG_WARN_UNREACHABLE_CODE = YES;
				CLANG_WARN__DUPLICATE_METHOD_MATCH = YES;
				COPY_PHASE_STRIP = NO;
				DEBUG_INFORMATION_FORMAT = "dwarf-with-dsym";
				ENABLE_NS_ASSERTIONS = NO;
				ENABLE_STRICT_OBJC_MSGSEND = YES;
				GCC_C_LANGUAGE_STANDARD = gnu11;
				GCC_NO_COMMON_BLOCKS = YES;
				GCC_WARN_64_TO_32_BIT_CONVERSION = YES;
				GCC_WARN_ABOUT_RETURN_TYPE = YES_ERROR;
				GCC_WARN_UNDECLARED_SELECTOR = YES;
				GCC_WARN_UNINITIALIZED_AUTOS = YES_AGGRESSIVE;
				GCC_WARN_UNUSED_FUNCTION = YES;
				GCC_WARN_UNUSED_VARIABLE = YES;
				MACOSX_DEPLOYMENT_TARGET = 11.3;
				MTL_ENABLE_DEBUG_INFO = NO;
				MTL_FAST_MATH = YES;
				SDKROOT = macosx;
				SWIFT_COMPILATION_MODE = wholemodule;
				SWIFT_OPTIMIZATION_LEVEL = "-O";
			};
			name = Release;
		};
		C3B427DC2667B0B800C961FA /* Debug */ = {
			isa = XCBuildConfiguration;
			baseConfigurationReference = 982D17D6CA5A1E08D1238A07 /* Pods-ComputedPropertiesTest.debug.xcconfig */;
			buildSettings = {
				ASSETCATALOG_COMPILER_APPICON_NAME = AppIcon;
				ASSETCATALOG_COMPILER_GLOBAL_ACCENT_COLOR_NAME = AccentColor;
				CODE_SIGN_ENTITLEMENTS = ComputedPropertiesTest/ComputedPropertiesTest.entitlements;
				CODE_SIGN_STYLE = Automatic;
				COMBINE_HIDPI_IMAGES = YES;
				DEVELOPMENT_ASSET_PATHS = "\"ComputedPropertiesTest/Preview Content\"";
				ENABLE_PREVIEWS = YES;
				INFOPLIST_FILE = ComputedPropertiesTest/Info.plist;
				LD_RUNPATH_SEARCH_PATHS = (
					"$(inherited)",
					"@executable_path/../Frameworks",
				);
				MACOSX_DEPLOYMENT_TARGET = 11.0;
				PRODUCT_BUNDLE_IDENTIFIER = com.example.ComputedPropertiesTest;
				PRODUCT_NAME = "$(TARGET_NAME)";
				SWIFT_VERSION = 5.0;
			};
			name = Debug;
		};
		C3B427DD2667B0B800C961FA /* Release */ = {
			isa = XCBuildConfiguration;
			baseConfigurationReference = 6CEE96AEDEDC890B6CC82004 /* Pods-ComputedPropertiesTest.release.xcconfig */;
			buildSettings = {
				ASSETCATALOG_COMPILER_APPICON_NAME = AppIcon;
				ASSETCATALOG_COMPILER_GLOBAL_ACCENT_COLOR_NAME = AccentColor;
				CODE_SIGN_ENTITLEMENTS = ComputedPropertiesTest/ComputedPropertiesTest.entitlements;
				CODE_SIGN_STYLE = Automatic;
				COMBINE_HIDPI_IMAGES = YES;
				DEVELOPMENT_ASSET_PATHS = "\"ComputedPropertiesTest/Preview Content\"";
				ENABLE_PREVIEWS = YES;
				INFOPLIST_FILE = ComputedPropertiesTest/Info.plist;
				LD_RUNPATH_SEARCH_PATHS = (
					"$(inherited)",
					"@executable_path/../Frameworks",
				);
				MACOSX_DEPLOYMENT_TARGET = 11.0;
				PRODUCT_BUNDLE_IDENTIFIER = com.example.ComputedPropertiesTest;
				PRODUCT_NAME = "$(TARGET_NAME)";
				SWIFT_VERSION = 5.0;
			};
			name = Release;
		};
/* End XCBuildConfiguration section */

/* Begin XCConfigurationList section */
		C3B427C62667B0B100C961FA /* Build configuration list for PBXProject "ComputedPropertiesTest" */ = {
			isa = XCConfigurationList;
			buildConfigurations = (
				C3B427D92667B0B800C961FA /* Debug */,
				C3B427DA2667B0B800C961FA /* Release */,
			);
			defaultConfigurationIsVisible = 0;
			defaultConfigurationName = Release;
		};
		C3B427DB2667B0B800C961FA /* Build configuration list for PBXNativeTarget "ComputedPropertiesTest" */ = {
			isa = XCConfigurationList;
			buildConfigurations = (
				C3B427DC2667B0B800C961FA /* Debug */,
				C3B427DD2667B0B800C961FA /* Release */,
			);
			defaultConfigurationIsVisible = 0;
			defaultConfigurationName = Release;
		};
/* End XCConfigurationList section */
	};
	rootObject = C3B427C32667B0B100C961FA /* Project object */;
}
